<?xml version="1.0" encoding="utf-8"?>
<Project ToolsVersion="4.0" xmlns="http://schemas.microsoft.com/developer/msbuild/2003">
  <ItemGroup>
    <Filter Include="Program">
      <UniqueIdentifier>{ff464347-077c-494b-be68-6c7ce074858e}</UniqueIdentifier>
    </Filter>
    <Filter Include="Program\Figure">
      <UniqueIdentifier>{b83d5216-2720-4e6a-9772-d4d96f3ad742}</UniqueIdentifier>
    </Filter>
    <Filter Include="Program\Figure\AABB">
      <UniqueIdentifier>{a6fbb679-509d-4c50-b71c-7aa1881bc7cf}</UniqueIdentifier>
    </Filter>
    <Filter Include="Program\Frustum">
      <UniqueIdentifier>{485918c3-90fe-465d-a728-f49b487468a1}</UniqueIdentifier>
    </Filter>
    <Filter Include="Program\Plane">
      <UniqueIdentifier>{17b192c0-55e1-4ca7-b05d-6cb0249a67d0}</UniqueIdentifier>
    </Filter>
  </ItemGroup>
  <ItemGroup>
    <ClCompile Include="src\aabb.cpp">
      <Filter>Program\Figure\AABB</Filter>
    </ClCompile>
    <ClCompile Include="src\figure.cpp">
      <Filter>Program\Figure</Filter>
    </ClCompile>
    <ClCompile Include="src\main.cpp">
      <Filter>Program</Filter>
    </ClCompile>
    <ClCompile Include="src\program.cpp">
      <Filter>Program</Filter>
    </ClCompile>
    <ClCompile Include="src\frustum.cpp">
      <Filter>Program\Frustum</Filter>
    </ClCompile>
  </ItemGroup>
  <ItemGroup>
    <ClInclude Include="src\aabb.h">
      <Filter>Program\Figure\AABB</Filter>
    </ClInclude>
    <ClInclude Include="src\figure.h">
      <Filter>Program\Figure</Filter>
    </ClInclude>
    <ClInclude Include="src\program.h">
      <Filter>Program</Filter>
    </ClInclude>
    <ClInclude Include="src\frustum.h">
      <Filter>Program\Frustum</Filter>
    </ClInclude>
    <ClInclude Include="src\plane.h">
      <Filter>Program\Plane</Filter>
    </ClInclude>
  </ItemGroup>
</Project>